
Microsoft Visual Studio Solution File, Format Version 12.00
# Visual Studio Version 16
VisualStudioVersion = 16.0.31424.327
MinimumVisualStudioVersion = 10.0.40219.1
Project("{FAE04EC0-301F-11D3-BF4B-00C04F79EFBC}") = "prjFirstApplication", "prjFirstApplication.csproj", "{E41343EE-2637-4912-9C25-F8689CAE9664}"
EndProject
Project("{FAE04EC0-301F-11D3-BF4B-00C04F79EFBC}") = "CaseStudy", "..\CaseStudy\CaseStudy.csproj", "{0D318AA2-89AE-460F-82A2-499FF8134EEA}"
EndProject
Project("{FAE04EC0-301F-11D3-BF4B-00C04F79EFBC}") = "Assignment1", "..\Assignment1\Assignment1.csproj", "{4BFE2674-9AAF-4961-AF63-AE1F2308C94F}"
EndProject
Global
	GlobalSection(SolutionConfigurationPlatforms) = preSolution
		Debug|Any CPU = Debug|Any CPU
		Release|Any CPU = Release|Any CPU
	EndGlobalSection
	GlobalSection(ProjectConfigurationPlatforms) = postSolution
		{E41343EE-2637-4912-9C25-F8689CAE9664}.Debug|Any CPU.ActiveCfg = Debug|Any CPU
		{E41343EE-2637-4912-9C25-F8689CAE9664}.Debug|Any CPU.Build.0 = Debug|Any CPU
		{E41343EE-2637-4912-9C25-F8689CAE9664}.Release|Any CPU.ActiveCfg = Release|Any CPU
		{E41343EE-2637-4912-9C25-F8689CAE9664}.Release|Any CPU.Build.0 = Release|Any CPU
		{0D318AA2-89AE-460F-82A2-499FF8134EEA}.Debug|Any CPU.ActiveCfg = Debug|Any CPU
		{0D318AA2-89AE-460F-82A2-499FF8134EEA}.Debug|Any CPU.Build.0 = Debug|Any CPU
		{0D318AA2-89AE-460F-82A2-499FF8134EEA}.Release|Any CPU.ActiveCfg = Release|Any CPU
		{0D318AA2-89AE-460F-82A2-499FF8134EEA}.Release|Any CPU.Build.0 = Release|Any CPU
		{4BFE2674-9AAF-4961-AF63-AE1F2308C94F}.Debug|Any CPU.ActiveCfg = Debug|Any CPU
		{4BFE2674-9AAF-4961-AF63-AE1F2308C94F}.Debug|Any CPU.Build.0 = Debug|Any CPU
		{4BFE2674-9AAF-4961-AF63-AE1F2308C94F}.Release|Any CPU.ActiveCfg = Release|Any CPU
		{4BFE2674-9AAF-4961-AF63-AE1F2308C94F}.Release|Any CPU.Build.0 = Release|Any CPU
	EndGlobalSection
	GlobalSection(SolutionProperties) = preSolution
		HideSolutionNode = FALSE
	EndGlobalSection
	GlobalSection(ExtensibilityGlobals) = postSolution
		SolutionGuid = {9813E4E0-1633-4C2D-9E70-39326F4B5B44}
	EndGlobalSection
EndGlobal
